
Microsoft Visual Studio Solution File, Format Version 12.00
# Visual Studio Version 16
VisualStudioVersion = 16.0.30611.23
MinimumVisualStudioVersion = 10.0.40219.1
Project("{8BC9CEB8-8B4A-11D0-8D11-00A0C91BC942}") = "Project1LidarMaya", "Project1LidarMaya\Project1LidarMaya.vcxproj", "{FDDF1369-68E0-41C9-A25F-DE0EC797B67F}"
EndProject
Global
	GlobalSection(SolutionConfigurationPlatforms) = preSolution
		Debug|x64 = Debug|x64
		Debug|x86 = Debug|x86
		Release|x64 = Release|x64
		Release|x86 = Release|x86
	EndGlobalSection
	GlobalSection(ProjectConfigurationPlatforms) = postSolution
		{FDDF1369-68E0-41C9-A25F-DE0EC797B67F}.Debug|x64.ActiveCfg = Debug|x64
		{FDDF1369-68E0-41C9-A25F-DE0EC797B67F}.Debug|x64.Build.0 = Debug|x64
		{FDDF1369-68E0-41C9-A25F-DE0EC797B67F}.Debug|x86.ActiveCfg = Debug|Win32
		{FDDF1369-68E0-41C9-A25F-DE0EC797B67F}.Debug|x86.Build.0 = Debug|Win32
		{FDDF1369-68E0-41C9-A25F-DE0EC797B67F}.Release|x64.ActiveCfg = Release|x64
		{FDDF1369-68E0-41C9-A25F-DE0EC797B67F}.Release|x64.Build.0 = Release|x64
		{FDDF1369-68E0-41C9-A25F-DE0EC797B67F}.Release|x86.ActiveCfg = Release|Win32
		{FDDF1369-68E0-41C9-A25F-DE0EC797B67F}.Release|x86.Build.0 = Release|Win32
	EndGlobalSection
	GlobalSection(SolutionProperties) = preSolution
		HideSolutionNode = FALSE
	EndGlobalSection
	GlobalSection(ExtensibilityGlobals) = postSolution
		SolutionGuid = {288E9D52-8EBD-4267-AA6B-631D0E851B24}
	EndGlobalSection
EndGlobal
